
Microsoft Visual Studio Solution File, Format Version 12.00
# Visual Studio 14
VisualStudioVersion = 14.0.25420.1
MinimumVisualStudioVersion = 10.0.40219.1
Project("{8BC9CEB8-8B4A-11D0-8D11-00A0C91BC942}") = "Regex_To_DFA", "Regex_To_DFA\Regex_To_DFA.vcxproj", "{1B743B70-5A20-4CC7-BF9A-E3645B969D42}"
EndProject
Project("{8BC9CEB8-8B4A-11D0-8D11-00A0C91BC942}") = "DFA", "DFA\DFA.vcxproj", "{C76C84F8-E231-448F-8F11-44A035D52F67}"
EndProject
Global
	GlobalSection(SolutionConfigurationPlatforms) = preSolution
		Debug|x64 = Debug|x64
		Debug|x86 = Debug|x86
		Release|x64 = Release|x64
		Release|x86 = Release|x86
	EndGlobalSection
	GlobalSection(ProjectConfigurationPlatforms) = postSolution
		{1B743B70-5A20-4CC7-BF9A-E3645B969D42}.Debug|x64.ActiveCfg = Debug|x64
		{1B743B70-5A20-4CC7-BF9A-E3645B969D42}.Debug|x64.Build.0 = Debug|x64
		{1B743B70-5A20-4CC7-BF9A-E3645B969D42}.Debug|x86.ActiveCfg = Debug|Win32
		{1B743B70-5A20-4CC7-BF9A-E3645B969D42}.Debug|x86.Build.0 = Debug|Win32
		{1B743B70-5A20-4CC7-BF9A-E3645B969D42}.Release|x64.ActiveCfg = Release|x64
		{1B743B70-5A20-4CC7-BF9A-E3645B969D42}.Release|x64.Build.0 = Release|x64
		{1B743B70-5A20-4CC7-BF9A-E3645B969D42}.Release|x86.ActiveCfg = Release|Win32
		{1B743B70-5A20-4CC7-BF9A-E3645B969D42}.Release|x86.Build.0 = Release|Win32
		{C76C84F8-E231-448F-8F11-44A035D52F67}.Debug|x64.ActiveCfg = Debug|x64
		{C76C84F8-E231-448F-8F11-44A035D52F67}.Debug|x64.Build.0 = Debug|x64
		{C76C84F8-E231-448F-8F11-44A035D52F67}.Debug|x86.ActiveCfg = Debug|Win32
		{C76C84F8-E231-448F-8F11-44A035D52F67}.Debug|x86.Build.0 = Debug|Win32
		{C76C84F8-E231-448F-8F11-44A035D52F67}.Release|x64.ActiveCfg = Release|x64
		{C76C84F8-E231-448F-8F11-44A035D52F67}.Release|x64.Build.0 = Release|x64
		{C76C84F8-E231-448F-8F11-44A035D52F67}.Release|x86.ActiveCfg = Release|Win32
		{C76C84F8-E231-448F-8F11-44A035D52F67}.Release|x86.Build.0 = Release|Win32
	EndGlobalSection
	GlobalSection(SolutionProperties) = preSolution
		HideSolutionNode = FALSE
	EndGlobalSection
EndGlobal
